
Microsoft Visual Studio Solution File, Format Version 12.00
# Visual Studio Version 17
VisualStudioVersion = 17.6.33723.286
MinimumVisualStudioVersion = 10.0.40219.1
Project("{9A19103F-16F7-4668-BE54-9A1E7A4F7556}") = "RegRecover", "RegistryRecovery\RegRecover.csproj", "{BDFC7229-F8E2-4382-A1BD-CB401C9CA58D}"
EndProject
Global
	GlobalSection(SolutionConfigurationPlatforms) = preSolution
		Debug|Any CPU = Debug|Any CPU
		Release|Any CPU = Release|Any CPU
	EndGlobalSection
	GlobalSection(ProjectConfigurationPlatforms) = postSolution
		{BDFC7229-F8E2-4382-A1BD-CB401C9CA58D}.Debug|Any CPU.ActiveCfg = Debug|Any CPU
		{BDFC7229-F8E2-4382-A1BD-CB401C9CA58D}.Debug|Any CPU.Build.0 = Debug|Any CPU
		{BDFC7229-F8E2-4382-A1BD-CB401C9CA58D}.Release|Any CPU.ActiveCfg = Release|Any CPU
		{BDFC7229-F8E2-4382-A1BD-CB401C9CA58D}.Release|Any CPU.Build.0 = Release|Any CPU
	EndGlobalSection
	GlobalSection(SolutionProperties) = preSolution
		HideSolutionNode = FALSE
	EndGlobalSection
	GlobalSection(ExtensibilityGlobals) = postSolution
		SolutionGuid = {156034A5-2D37-49DF-875D-0A72529423BC}
	EndGlobalSection
EndGlobal
